<?xml version="1.0" encoding="utf-8"?>
<Project ToolsVersion="4.0" xmlns="http://schemas.microsoft.com/developer/msbuild/2003">
  <ItemGroup>
    <Filter Include="源文件">
      <UniqueIdentifier>{4FC737F1-C7A5-4376-A066-2A32D752A2FF}</UniqueIdentifier>
      <Extensions>cpp;c;cc;cxx;def;odl;idl;hpj;bat;asm;asmx</Extensions>
    </Filter>
    <Filter Include="头文件">
      <UniqueIdentifier>{93995380-89BD-4b04-88EB-625FBE52EBFB}</UniqueIdentifier>
      <Extensions>h;hh;hpp;hxx;hm;inl;inc;xsd</Extensions>
    </Filter>
    <Filter Include="资源文件">
      <UniqueIdentifier>{67DA6AB6-F800-4c08-8B7A-83BB121AAD01}</UniqueIdentifier>
      <Extensions>rc;ico;cur;bmp;dlg;rc2;rct;bin;rgs;gif;jpg;jpeg;jpe;resx;tiff;tif;png;wav;mfcribbon-ms</Extensions>
    </Filter>
  </ItemGroup>
  <ItemGroup>
    <ClInclude Include="..\..\..\include\AckNack.h">
      <Filter>头文件</Filter>
    </ClInclude>
    <ClInclude Include="..\..\..\include\BoundedString.h">
      <Filter>头文件</Filter>
    </ClInclude>
    <ClInclude Include="..\..\..\include\BuiltinDataReader.h">
      <Filter>头文件</Filter>
    </ClInclude>
    <ClInclude Include="..\..\..\include\BuiltinDataWriter.h">
      <Filter>头文件</Filter>
    </ClInclude>
    <ClInclude Include="..\..\..\include\BuiltinEndpointSet_t.h">
      <Filter>头文件</Filter>
    </ClInclude>
    <ClInclude Include="..\..\..\include\BuiltinTopicKey_t.h">
      <Filter>头文件</Filter>
    </ClInclude>
    <ClInclude Include="..\..\..\include\CDRTool.h">
      <Filter>头文件</Filter>
    </ClInclude>
    <ClInclude Include="..\..\..\include\CommLog.h">
      <Filter>头文件</Filter>
    </ClInclude>
    <ClInclude Include="..\..\..\include\CommonTypeDefine.h">
      <Filter>头文件</Filter>
    </ClInclude>
    <ClInclude Include="..\..\..\include\ConfFile.h">
      <Filter>头文件</Filter>
    </ClInclude>
    <ClInclude Include="..\..\..\include\Data.h">
      <Filter>头文件</Filter>
    </ClInclude>
    <ClInclude Include="..\..\..\include\DataFrag.h">
      <Filter>头文件</Filter>
    </ClInclude>
    <ClInclude Include="..\..\..\include\DataReader.h">
      <Filter>头文件</Filter>
    </ClInclude>
    <ClInclude Include="..\..\..\include\DataWriter.h">
      <Filter>头文件</Filter>
    </ClInclude>
    <ClInclude Include="..\..\..\include\DiscoveredParticipant.h">
      <Filter>头文件</Filter>
    </ClInclude>
    <ClInclude Include="..\..\..\include\DiscoveredReader.h">
      <Filter>头文件</Filter>
    </ClInclude>
    <ClInclude Include="..\..\..\include\DiscoveredWriter.h">
      <Filter>头文件</Filter>
    </ClInclude>
    <ClInclude Include="..\..\..\include\DomainParticipant.h">
      <Filter>头文件</Filter>
    </ClInclude>
    <ClInclude Include="..\..\..\include\Duration_t.h">
      <Filter>头文件</Filter>
    </ClInclude>
    <ClInclude Include="..\..\..\include\FACE\common.h">
      <Filter>头文件</Filter>
    </ClInclude>
    <ClInclude Include="..\..\..\include\FACE\HMFM.h">
      <Filter>头文件</Filter>
    </ClInclude>
    <ClInclude Include="..\..\..\include\FACE\IOS.h">
      <Filter>头文件</Filter>
    </ClInclude>
    <ClInclude Include="..\..\..\include\FACE\TS_common.h">
      <Filter>头文件</Filter>
    </ClInclude>
    <ClInclude Include="..\..\..\include\FACE\TypeAbstraction_TS.h">
      <Filter>头文件</Filter>
    </ClInclude>
    <ClInclude Include="..\..\..\include\FACE\types.h">
      <Filter>头文件</Filter>
    </ClInclude>
    <ClInclude Include="..\..\..\include\FragmentNumber.h">
      <Filter>头文件</Filter>
    </ClInclude>
    <ClInclude Include="..\..\..\include\FragmentNumberSet.h">
      <Filter>头文件</Filter>
    </ClInclude>
    <ClInclude Include="..\..\..\include\Gap.h">
      <Filter>头文件</Filter>
    </ClInclude>
    <ClInclude Include="..\..\..\include\GlobalDefine.h">
      <Filter>头文件</Filter>
    </ClInclude>
    <ClInclude Include="..\..\..\include\GuidGen.h">
      <Filter>头文件</Filter>
    </ClInclude>
    <ClInclude Include="..\..\..\include\GuidSeq.h">
      <Filter>头文件</Filter>
    </ClInclude>
    <ClInclude Include="..\..\..\include\GUID_t.h">
      <Filter>头文件</Filter>
    </ClInclude>
    <ClInclude Include="..\..\..\include\Heartbeat.h">
      <Filter>头文件</Filter>
    </ClInclude>
    <ClInclude Include="..\..\..\include\HistoryCache.h">
      <Filter>头文件</Filter>
    </ClInclude>
    <ClInclude Include="..\..\..\include\InfoDestination.h">
      <Filter>头文件</Filter>
    </ClInclude>
    <ClInclude Include="..\..\..\include\InfoReply.h">
      <Filter>头文件</Filter>
    </ClInclude>
    <ClInclude Include="..\..\..\include\InfoTimestamp.h">
      <Filter>头文件</Filter>
    </ClInclude>
    <ClInclude Include="..\..\..\include\ListOper.h">
      <Filter>头文件</Filter>
    </ClInclude>
    <ClInclude Include="..\..\..\include\Locator_t.h">
      <Filter>头文件</Filter>
    </ClInclude>
    <ClInclude Include="..\..\..\include\MajorTask.h">
      <Filter>头文件</Filter>
    </ClInclude>
    <ClInclude Include="..\..\..\include\MemoryAlloc.h">
      <Filter>头文件</Filter>
    </ClInclude>
    <ClInclude Include="..\..\..\include\MemoryBlock.h">
      <Filter>头文件</Filter>
    </ClInclude>
    <ClInclude Include="..\..\..\include\Monitor.h">
      <Filter>头文件</Filter>
    </ClInclude>
    <ClInclude Include="..\..\..\include\NackFrag.h">
      <Filter>头文件</Filter>
    </ClInclude>
    <ClInclude Include="..\..\..\include\NetWorkOrder.h">
      <Filter>头文件</Filter>
    </ClInclude>
    <ClInclude Include="..\..\..\include\NetWorkStructure.h">
      <Filter>头文件</Filter>
    </ClInclude>
    <ClInclude Include="..\..\..\include\NetWorkUnity.h">
      <Filter>头文件</Filter>
    </ClInclude>
    <ClInclude Include="..\..\..\include\ParameterList.h">
      <Filter>头文件</Filter>
    </ClInclude>
    <ClInclude Include="..\..\..\include\ParticipantData.h">
      <Filter>头文件</Filter>
    </ClInclude>
    <ClInclude Include="..\..\..\include\ParticipantProxy.h">
      <Filter>头文件</Filter>
    </ClInclude>
    <ClInclude Include="..\..\..\include\ProcessUnity.h">
      <Filter>头文件</Filter>
    </ClInclude>
    <ClInclude Include="..\..\..\include\PropertyList.h">
      <Filter>头文件</Filter>
    </ClInclude>
    <ClInclude Include="..\..\..\include\ProtocolVersion_t.h">
      <Filter>头文件</Filter>
    </ClInclude>
    <ClInclude Include="..\..\..\include\QosPolicy.h">
      <Filter>头文件</Filter>
    </ClInclude>
    <ClInclude Include="..\..\..\include\QosService.h">
      <Filter>头文件</Filter>
    </ClInclude>
    <ClInclude Include="..\..\..\include\RapidIO\RioUtility.h">
      <Filter>头文件</Filter>
    </ClInclude>
    <ClInclude Include="..\..\..\include\RapidIO\tsi721api.h">
      <Filter>头文件</Filter>
    </ClInclude>
    <ClInclude Include="..\..\..\include\RapidIO\tsi721ioctl.h">
      <Filter>头文件</Filter>
    </ClInclude>
    <ClInclude Include="..\..\..\include\ReturnCode.h">
      <Filter>头文件</Filter>
    </ClInclude>
    <ClInclude Include="..\..\..\include\RTPSDiscovery.h">
      <Filter>头文件</Filter>
    </ClInclude>
    <ClInclude Include="..\..\..\include\RTPSFragInfo.h">
      <Filter>头文件</Filter>
    </ClInclude>
    <ClInclude Include="..\..\..\include\RTPSMessageHeader.h">
      <Filter>头文件</Filter>
    </ClInclude>
    <ClInclude Include="..\..\..\include\RTPSReceiveStrategy.h">
      <Filter>头文件</Filter>
    </ClInclude>
    <ClInclude Include="..\..\..\include\Sedp.h">
      <Filter>头文件</Filter>
    </ClInclude>
    <ClInclude Include="..\..\..\include\SequenceNumberSet.h">
      <Filter>头文件</Filter>
    </ClInclude>
    <ClInclude Include="..\..\..\include\SequenceNumber_t.h">
      <Filter>头文件</Filter>
    </ClInclude>
    <ClInclude Include="..\..\..\include\SerializedData.h">
      <Filter>头文件</Filter>
    </ClInclude>
    <ClInclude Include="..\..\..\include\Spdp.h">
      <Filter>头文件</Filter>
    </ClInclude>
    <ClInclude Include="..\..\..\include\StringUnity.h">
      <Filter>头文件</Filter>
    </ClInclude>
    <ClInclude Include="..\..\..\include\SubMessageHeader.h">
      <Filter>头文件</Filter>
    </ClInclude>
    <ClInclude Include="..\..\..\include\TimeTool.h">
      <Filter>头文件</Filter>
    </ClInclude>
    <ClInclude Include="..\..\..\include\Topic.h">
      <Filter>头文件</Filter>
    </ClInclude>
    <ClInclude Include="..\..\..\include\User.h">
      <Filter>头文件</Filter>
    </ClInclude>
    <ClInclude Include="..\..\..\include\UserDataQosPolicy.h">
      <Filter>头文件</Filter>
    </ClInclude>
    <ClInclude Include="..\..\..\include\VendorId_t.h">
      <Filter>头文件</Filter>
    </ClInclude>
    <ClInclude Include="..\..\..\include\Publisher.h">
      <Filter>头文件</Filter>
    </ClInclude>
    <ClInclude Include="..\..\..\include\TS_Lib.h">
      <Filter>头文件</Filter>
    </ClInclude>
    <ClInclude Include="..\..\..\include\FC\fc_adapter.h">
      <Filter>头文件</Filter>
    </ClInclude>
  </ItemGroup>
  <ItemGroup>
    <ClCompile Include="..\..\..\source\BuiltinDataReader.c">
      <Filter>源文件</Filter>
    </ClCompile>
    <ClCompile Include="..\..\..\source\BuiltinDataWriter.c">
      <Filter>源文件</Filter>
    </ClCompile>
    <ClCompile Include="..\..\..\source\BuiltinEndpointSet_t.c">
      <Filter>源文件</Filter>
    </ClCompile>
    <ClCompile Include="..\..\..\source\CommLog.c">
      <Filter>源文件</Filter>
    </ClCompile>
    <ClCompile Include="..\..\..\source\ConfFile.c">
      <Filter>源文件</Filter>
    </ClCompile>
    <ClCompile Include="..\..\..\source\DataReader.c">
      <Filter>源文件</Filter>
    </ClCompile>
    <ClCompile Include="..\..\..\source\DataWriter.c">
      <Filter>源文件</Filter>
    </ClCompile>
    <ClCompile Include="..\..\..\source\DiscoveredParticipant.c">
      <Filter>源文件</Filter>
    </ClCompile>
    <ClCompile Include="..\..\..\source\DiscoveredReader.c">
      <Filter>源文件</Filter>
    </ClCompile>
    <ClCompile Include="..\..\..\source\DiscoveredWriter.c">
      <Filter>源文件</Filter>
    </ClCompile>
    <ClCompile Include="..\..\..\source\DomainParticipant.c">
      <Filter>源文件</Filter>
    </ClCompile>
    <ClCompile Include="..\..\..\source\Duration_t.c">
      <Filter>源文件</Filter>
    </ClCompile>
    <ClCompile Include="..\..\..\source\FragmentNumber.c">
      <Filter>源文件</Filter>
    </ClCompile>
    <ClCompile Include="..\..\..\source\GenGuid.c">
      <Filter>源文件</Filter>
    </ClCompile>
    <ClCompile Include="..\..\..\source\GUID_t.c">
      <Filter>源文件</Filter>
    </ClCompile>
    <ClCompile Include="..\..\..\source\HistoryCache.c">
      <Filter>源文件</Filter>
    </ClCompile>
    <ClCompile Include="..\..\..\source\MajorTask.c">
      <Filter>源文件</Filter>
    </ClCompile>
    <ClCompile Include="..\..\..\source\MemoryAlloc.c">
      <Filter>源文件</Filter>
    </ClCompile>
    <ClCompile Include="..\..\..\source\Monitor.c">
      <Filter>源文件</Filter>
    </ClCompile>
    <ClCompile Include="..\..\..\source\NetWorkOrder.c">
      <Filter>源文件</Filter>
    </ClCompile>
    <ClCompile Include="..\..\..\source\NetWorkStructure.c">
      <Filter>源文件</Filter>
    </ClCompile>
    <ClCompile Include="..\..\..\source\NetWorkUnity.c">
      <Filter>源文件</Filter>
    </ClCompile>
    <ClCompile Include="..\..\..\source\ParameterList.c">
      <Filter>源文件</Filter>
    </ClCompile>
    <ClCompile Include="..\..\..\source\ProcessUnity.c">
      <Filter>源文件</Filter>
    </ClCompile>
    <ClCompile Include="..\..\..\source\PropertyList.c">
      <Filter>源文件</Filter>
    </ClCompile>
    <ClCompile Include="..\..\..\source\ProtocolVersion_t.c">
      <Filter>源文件</Filter>
    </ClCompile>
    <ClCompile Include="..\..\..\source\QosService.c">
      <Filter>源文件</Filter>
    </ClCompile>
    <ClCompile Include="..\..\..\source\RioUtility.c">
      <Filter>源文件</Filter>
    </ClCompile>
    <ClCompile Include="..\..\..\source\RTPSDiscovery.c">
      <Filter>源文件</Filter>
    </ClCompile>
    <ClCompile Include="..\..\..\source\RTPSMessageHeader.c">
      <Filter>源文件</Filter>
    </ClCompile>
    <ClCompile Include="..\..\..\source\RTPSReceiveStrategy.c">
      <Filter>源文件</Filter>
    </ClCompile>
    <ClCompile Include="..\..\..\source\Sedp.c">
      <Filter>源文件</Filter>
    </ClCompile>
    <ClCompile Include="..\..\..\source\SequenceNumber_t.c">
      <Filter>源文件</Filter>
    </ClCompile>
    <ClCompile Include="..\..\..\source\Spdp.c">
      <Filter>源文件</Filter>
    </ClCompile>
    <ClCompile Include="..\..\..\source\StringUnity.c">
      <Filter>源文件</Filter>
    </ClCompile>
    <ClCompile Include="..\..\..\source\Topic.c">
      <Filter>源文件</Filter>
    </ClCompile>
    <ClCompile Include="..\..\..\source\TypeAbstraction_TS.c">
      <Filter>源文件</Filter>
    </ClCompile>
    <ClCompile Include="..\..\..\source\User.c">
      <Filter>源文件</Filter>
    </ClCompile>
    <ClCompile Include="..\..\..\source\VendorId_t.c">
      <Filter>源文件</Filter>
    </ClCompile>
    <ClCompile Include="..\..\..\source\TS_Lib.c">
      <Filter>源文件</Filter>
    </ClCompile>
    <ClCompile Include="..\..\..\source\GlobaFun.c">
      <Filter>源文件</Filter>
    </ClCompile>
    <ClCompile Include="..\..\..\source\fc_adapter.c">
      <Filter>源文件</Filter>
    </ClCompile>
  </ItemGroup>
</Project>