
Microsoft Visual Studio Solution File, Format Version 12.00
# Visual Studio 2013
VisualStudioVersion = 12.0.40629.0
MinimumVisualStudioVersion = 10.0.40219.1
Project("{8BC9CEB8-8B4A-11D0-8D11-00A0C91BC942}") = "ADT_02", "ADT_02\ADT_02.vcxproj", "{CA3DB73A-8CB2-4384-B89B-81A18D1BF98E}"
EndProject
Project("{8BC9CEB8-8B4A-11D0-8D11-00A0C91BC942}") = "ACI_DDS", "..\..\..\DDS\ACI_DDS\ide\VS2013\ACI_DDS\ACI_DDS.vcxproj", "{3A3731A8-4989-4740-B26C-344318F77881}"
EndProject
Global
	GlobalSection(SolutionConfigurationPlatforms) = preSolution
		Debug|Win32 = Debug|Win32
		Debug|x64 = Debug|x64
		Release|Win32 = Release|Win32
		Release|x64 = Release|x64
	EndGlobalSection
	GlobalSection(ProjectConfigurationPlatforms) = postSolution
		{CA3DB73A-8CB2-4384-B89B-81A18D1BF98E}.Debug|Win32.ActiveCfg = Debug|Win32
		{CA3DB73A-8CB2-4384-B89B-81A18D1BF98E}.Debug|Win32.Build.0 = Debug|Win32
		{CA3DB73A-8CB2-4384-B89B-81A18D1BF98E}.Debug|x64.ActiveCfg = Debug|Win32
		{CA3DB73A-8CB2-4384-B89B-81A18D1BF98E}.Release|Win32.ActiveCfg = Release|Win32
		{CA3DB73A-8CB2-4384-B89B-81A18D1BF98E}.Release|Win32.Build.0 = Release|Win32
		{CA3DB73A-8CB2-4384-B89B-81A18D1BF98E}.Release|x64.ActiveCfg = Release|Win32
		{3A3731A8-4989-4740-B26C-344318F77881}.Debug|Win32.ActiveCfg = Debug|Win32
		{3A3731A8-4989-4740-B26C-344318F77881}.Debug|Win32.Build.0 = Debug|Win32
		{3A3731A8-4989-4740-B26C-344318F77881}.Debug|x64.ActiveCfg = Debug|x64
		{3A3731A8-4989-4740-B26C-344318F77881}.Debug|x64.Build.0 = Debug|x64
		{3A3731A8-4989-4740-B26C-344318F77881}.Release|Win32.ActiveCfg = Release|Win32
		{3A3731A8-4989-4740-B26C-344318F77881}.Release|Win32.Build.0 = Release|Win32
		{3A3731A8-4989-4740-B26C-344318F77881}.Release|x64.ActiveCfg = Release|x64
		{3A3731A8-4989-4740-B26C-344318F77881}.Release|x64.Build.0 = Release|x64
	EndGlobalSection
	GlobalSection(SolutionProperties) = preSolution
		HideSolutionNode = FALSE
	EndGlobalSection
EndGlobal
