
Microsoft Visual Studio Solution File, Format Version 12.00
# Visual Studio 2013
VisualStudioVersion = 12.0.40629.0
MinimumVisualStudioVersion = 10.0.40219.1
Project("{8BC9CEB8-8B4A-11D0-8D11-00A0C91BC942}") = "day_8_22_algorithm", "day_8_22_algorithm\day_8_22_algorithm.vcxproj", "{A7196E1D-42C9-4D3B-B83A-682DAA12E40C}"
EndProject
Project("{8BC9CEB8-8B4A-11D0-8D11-00A0C91BC942}") = "greedy", "greedy\greedy.vcxproj", "{8FA2066B-8DC7-41DC-8F38-C65A7A4E1417}"
EndProject
Global
	GlobalSection(SolutionConfigurationPlatforms) = preSolution
		Debug|Win32 = Debug|Win32
		Release|Win32 = Release|Win32
	EndGlobalSection
	GlobalSection(ProjectConfigurationPlatforms) = postSolution
		{A7196E1D-42C9-4D3B-B83A-682DAA12E40C}.Debug|Win32.ActiveCfg = Debug|Win32
		{A7196E1D-42C9-4D3B-B83A-682DAA12E40C}.Debug|Win32.Build.0 = Debug|Win32
		{A7196E1D-42C9-4D3B-B83A-682DAA12E40C}.Release|Win32.ActiveCfg = Release|Win32
		{A7196E1D-42C9-4D3B-B83A-682DAA12E40C}.Release|Win32.Build.0 = Release|Win32
		{8FA2066B-8DC7-41DC-8F38-C65A7A4E1417}.Debug|Win32.ActiveCfg = Debug|Win32
		{8FA2066B-8DC7-41DC-8F38-C65A7A4E1417}.Debug|Win32.Build.0 = Debug|Win32
		{8FA2066B-8DC7-41DC-8F38-C65A7A4E1417}.Release|Win32.ActiveCfg = Release|Win32
		{8FA2066B-8DC7-41DC-8F38-C65A7A4E1417}.Release|Win32.Build.0 = Release|Win32
	EndGlobalSection
	GlobalSection(SolutionProperties) = preSolution
		HideSolutionNode = FALSE
	EndGlobalSection
EndGlobal
